
Microsoft Visual Studio Solution File, Format Version 12.00
# Visual Studio Version 16
VisualStudioVersion = 16.0.31702.278
MinimumVisualStudioVersion = 10.0.40219.1
Project("{FAE04EC0-301F-11D3-BF4B-00C04F79EFBC}") = "Driving Test", "Driving Test\Driving Test.csproj", "{06E6916F-C913-452A-B84B-FCB519AFA8EE}"
EndProject
Global
	GlobalSection(SolutionConfigurationPlatforms) = preSolution
		Debug|Any CPU = Debug|Any CPU
		Release|Any CPU = Release|Any CPU
	EndGlobalSection
	GlobalSection(ProjectConfigurationPlatforms) = postSolution
		{06E6916F-C913-452A-B84B-FCB519AFA8EE}.Debug|Any CPU.ActiveCfg = Debug|Any CPU
		{06E6916F-C913-452A-B84B-FCB519AFA8EE}.Debug|Any CPU.Build.0 = Debug|Any CPU
		{06E6916F-C913-452A-B84B-FCB519AFA8EE}.Release|Any CPU.ActiveCfg = Release|Any CPU
		{06E6916F-C913-452A-B84B-FCB519AFA8EE}.Release|Any CPU.Build.0 = Release|Any CPU
	EndGlobalSection
	GlobalSection(SolutionProperties) = preSolution
		HideSolutionNode = FALSE
	EndGlobalSection
	GlobalSection(ExtensibilityGlobals) = postSolution
		SolutionGuid = {BA23D247-8274-4B71-8701-1BC453CBA31F}
	EndGlobalSection
EndGlobal
